
Microsoft Visual Studio Solution File, Format Version 12.00
# Visual Studio Version 17
VisualStudioVersion = 17.13.35919.96 d17.13
MinimumVisualStudioVersion = 10.0.40219.1
Project("{8BC9CEB8-8B4A-11D0-8D11-00A0C91BC942}") = "Project3", "Project3\Project3.vcxproj", "{111AF0F2-BC2A-4560-A49E-48C0BA5F9874}"
EndProject
Global
	GlobalSection(SolutionConfigurationPlatforms) = preSolution
		Debug|x64 = Debug|x64
		Debug|x86 = Debug|x86
		Release|x64 = Release|x64
		Release|x86 = Release|x86
	EndGlobalSection
	GlobalSection(ProjectConfigurationPlatforms) = postSolution
		{111AF0F2-BC2A-4560-A49E-48C0BA5F9874}.Debug|x64.ActiveCfg = Debug|x64
		{111AF0F2-BC2A-4560-A49E-48C0BA5F9874}.Debug|x64.Build.0 = Debug|x64
		{111AF0F2-BC2A-4560-A49E-48C0BA5F9874}.Debug|x86.ActiveCfg = Debug|Win32
		{111AF0F2-BC2A-4560-A49E-48C0BA5F9874}.Debug|x86.Build.0 = Debug|Win32
		{111AF0F2-BC2A-4560-A49E-48C0BA5F9874}.Release|x64.ActiveCfg = Release|x64
		{111AF0F2-BC2A-4560-A49E-48C0BA5F9874}.Release|x64.Build.0 = Release|x64
		{111AF0F2-BC2A-4560-A49E-48C0BA5F9874}.Release|x86.ActiveCfg = Release|Win32
		{111AF0F2-BC2A-4560-A49E-48C0BA5F9874}.Release|x86.Build.0 = Release|Win32
	EndGlobalSection
	GlobalSection(SolutionProperties) = preSolution
		HideSolutionNode = FALSE
	EndGlobalSection
	GlobalSection(ExtensibilityGlobals) = postSolution
		SolutionGuid = {34104BF8-1EA6-4851-816F-78C762C11A44}
	EndGlobalSection
EndGlobal
